
Microsoft Visual Studio Solution File, Format Version 12.00
# Visual Studio 2012
Project("{FAE04EC0-301F-11D3-BF4B-00C04F79EFBC}") = "RefactoringExercise", "RefactoringExercise\RefactoringExercise.csproj", "{11B831CE-55A4-4F08-B225-24A640185EE8}"
EndProject
Project("{FAE04EC0-301F-11D3-BF4B-00C04F79EFBC}") = "Tests", "Tests\Tests.csproj", "{8EEC3D9E-7F2F-47C4-BCAF-2433AF82A967}"
EndProject
Global
	GlobalSection(SolutionConfigurationPlatforms) = preSolution
		Debug|Any CPU = Debug|Any CPU
		Release|Any CPU = Release|Any CPU
	EndGlobalSection
	GlobalSection(ProjectConfigurationPlatforms) = postSolution
		{11B831CE-55A4-4F08-B225-24A640185EE8}.Debug|Any CPU.ActiveCfg = Debug|Any CPU
		{11B831CE-55A4-4F08-B225-24A640185EE8}.Debug|Any CPU.Build.0 = Debug|Any CPU
		{11B831CE-55A4-4F08-B225-24A640185EE8}.Release|Any CPU.ActiveCfg = Release|Any CPU
		{11B831CE-55A4-4F08-B225-24A640185EE8}.Release|Any CPU.Build.0 = Release|Any CPU
		{8EEC3D9E-7F2F-47C4-BCAF-2433AF82A967}.Debug|Any CPU.ActiveCfg = Debug|Any CPU
		{8EEC3D9E-7F2F-47C4-BCAF-2433AF82A967}.Debug|Any CPU.Build.0 = Debug|Any CPU
		{8EEC3D9E-7F2F-47C4-BCAF-2433AF82A967}.Release|Any CPU.ActiveCfg = Release|Any CPU
		{8EEC3D9E-7F2F-47C4-BCAF-2433AF82A967}.Release|Any CPU.Build.0 = Release|Any CPU
	EndGlobalSection
	GlobalSection(SolutionProperties) = preSolution
		HideSolutionNode = FALSE
	EndGlobalSection
EndGlobal
